{
	"name": "repcrowdsourcer",
	"lockfileVersion": 3,
	"requires": true,
	"packages": {
		"": {
			"license": "Unlicense",
			"dependencies": {
				"@preact/signals": "2.0.1",
				"preact": "10.26.4",
				"viem": "2.23.15"
			},
			"devDependencies": {
				"@types/node": "22.13.10",
				"@zoltu/file-copier": "3.0.0",
				"better-typescript-lib": "2.11.0",
				"esbuild": "0.25.8",
				"funtypes": "5.1.1",
				"typescript": "5.8.2"
			}
		},
		"node_modules/@adraffy/ens-normalize": {
			"version": "1.11.0",
			"resolved": "https://registry.npmjs.org/@adraffy/ens-normalize/-/ens-normalize-1.11.0.tgz",
			"integrity": "sha512-/3DDPKHqqIqxUULp8yP4zODUY1i+2xvVWsv8A79xGWdCAG+8sb0hRh0Rk2QyOJUnnbyPUAZYcpBuRe3nS2OIUg=="
		},
		"node_modules/@esbuild/aix-ppc64": {
			"version": "0.25.8",
			"resolved": "https://registry.npmjs.org/@esbuild/aix-ppc64/-/aix-ppc64-0.25.8.tgz",
			"integrity": "sha512-urAvrUedIqEiFR3FYSLTWQgLu5tb+m0qZw0NBEasUeo6wuqatkMDaRT+1uABiGXEu5vqgPd7FGE1BhsAIy9QVA==",
			"cpu": [
				"ppc64"
			],
			"dev": true,
			"optional": true,
			"os": [
				"aix"
			],
			"engines": {
				"node": ">=18"
			}
		},
		"node_modules/@esbuild/android-arm": {
			"version": "0.25.8",
			"resolved": "https://registry.npmjs.org/@esbuild/android-arm/-/android-arm-0.25.8.tgz",
			"integrity": "sha512-RONsAvGCz5oWyePVnLdZY/HHwA++nxYWIX1atInlaW6SEkwq6XkP3+cb825EUcRs5Vss/lGh/2YxAb5xqc07Uw==",
			"cpu": [
				"arm"
			],
			"dev": true,
			"optional": true,
			"os": [
				"android"
			],
			"engines": {
				"node": ">=18"
			}
		},
		"node_modules/@esbuild/android-arm64": {
			"version": "0.25.8",
			"resolved": "https://registry.npmjs.org/@esbuild/android-arm64/-/android-arm64-0.25.8.tgz",
			"integrity": "sha512-OD3p7LYzWpLhZEyATcTSJ67qB5D+20vbtr6vHlHWSQYhKtzUYrETuWThmzFpZtFsBIxRvhO07+UgVA9m0i/O1w==",
			"cpu": [
				"arm64"
			],
			"dev": true,
			"optional": true,
			"os": [
				"android"
			],
			"engines": {
				"node": ">=18"
			}
		},
		"node_modules/@esbuild/android-x64": {
			"version": "0.25.8",
			"resolved": "https://registry.npmjs.org/@esbuild/android-x64/-/android-x64-0.25.8.tgz",
			"integrity": "sha512-yJAVPklM5+4+9dTeKwHOaA+LQkmrKFX96BM0A/2zQrbS6ENCmxc4OVoBs5dPkCCak2roAD+jKCdnmOqKszPkjA==",
			"cpu": [
				"x64"
			],
			"dev": true,
			"optional": true,
			"os": [
				"android"
			],
			"engines": {
				"node": ">=18"
			}
		},
		"node_modules/@esbuild/darwin-arm64": {
			"version": "0.25.8",
			"resolved": "https://registry.npmjs.org/@esbuild/darwin-arm64/-/darwin-arm64-0.25.8.tgz",
			"integrity": "sha512-Jw0mxgIaYX6R8ODrdkLLPwBqHTtYHJSmzzd+QeytSugzQ0Vg4c5rDky5VgkoowbZQahCbsv1rT1KW72MPIkevw==",
			"cpu": [
				"arm64"
			],
			"dev": true,
			"optional": true,
			"os": [
				"darwin"
			],
			"engines": {
				"node": ">=18"
			}
		},
		"node_modules/@esbuild/darwin-x64": {
			"version": "0.25.8",
			"resolved": "https://registry.npmjs.org/@esbuild/darwin-x64/-/darwin-x64-0.25.8.tgz",
			"integrity": "sha512-Vh2gLxxHnuoQ+GjPNvDSDRpoBCUzY4Pu0kBqMBDlK4fuWbKgGtmDIeEC081xi26PPjn+1tct+Bh8FjyLlw1Zlg==",
			"cpu": [
				"x64"
			],
			"dev": true,
			"optional": true,
			"os": [
				"darwin"
			],
			"engines": {
				"node": ">=18"
			}
		},
		"node_modules/@esbuild/freebsd-arm64": {
			"version": "0.25.8",
			"resolved": "https://registry.npmjs.org/@esbuild/freebsd-arm64/-/freebsd-arm64-0.25.8.tgz",
			"integrity": "sha512-YPJ7hDQ9DnNe5vxOm6jaie9QsTwcKedPvizTVlqWG9GBSq+BuyWEDazlGaDTC5NGU4QJd666V0yqCBL2oWKPfA==",
			"cpu": [
				"arm64"
			],
			"dev": true,
			"optional": true,
			"os": [
				"freebsd"
			],
			"engines": {
				"node": ">=18"
			}
		},
		"node_modules/@esbuild/freebsd-x64": {
			"version": "0.25.8",
			"resolved": "https://registry.npmjs.org/@esbuild/freebsd-x64/-/freebsd-x64-0.25.8.tgz",
			"integrity": "sha512-MmaEXxQRdXNFsRN/KcIimLnSJrk2r5H8v+WVafRWz5xdSVmWLoITZQXcgehI2ZE6gioE6HirAEToM/RvFBeuhw==",
			"cpu": [
				"x64"
			],
			"dev": true,
			"optional": true,
			"os": [
				"freebsd"
			],
			"engines": {
				"node": ">=18"
			}
		},
		"node_modules/@esbuild/linux-arm": {
			"version": "0.25.8",
			"resolved": "https://registry.npmjs.org/@esbuild/linux-arm/-/linux-arm-0.25.8.tgz",
			"integrity": "sha512-FuzEP9BixzZohl1kLf76KEVOsxtIBFwCaLupVuk4eFVnOZfU+Wsn+x5Ryam7nILV2pkq2TqQM9EZPsOBuMC+kg==",
			"cpu": [
				"arm"
			],
			"dev": true,
			"optional": true,
			"os": [
				"linux"
			],
			"engines": {
				"node": ">=18"
			}
		},
		"node_modules/@esbuild/linux-arm64": {
			"version": "0.25.8",
			"resolved": "https://registry.npmjs.org/@esbuild/linux-arm64/-/linux-arm64-0.25.8.tgz",
			"integrity": "sha512-WIgg00ARWv/uYLU7lsuDK00d/hHSfES5BzdWAdAig1ioV5kaFNrtK8EqGcUBJhYqotlUByUKz5Qo6u8tt7iD/w==",
			"cpu": [
				"arm64"
			],
			"dev": true,
			"optional": true,
			"os": [
				"linux"
			],
			"engines": {
				"node": ">=18"
			}
		},
		"node_modules/@esbuild/linux-ia32": {
			"version": "0.25.8",
			"resolved": "https://registry.npmjs.org/@esbuild/linux-ia32/-/linux-ia32-0.25.8.tgz",
			"integrity": "sha512-A1D9YzRX1i+1AJZuFFUMP1E9fMaYY+GnSQil9Tlw05utlE86EKTUA7RjwHDkEitmLYiFsRd9HwKBPEftNdBfjg==",
			"cpu": [
				"ia32"
			],
			"dev": true,
			"optional": true,
			"os": [
				"linux"
			],
			"engines": {
				"node": ">=18"
			}
		},
		"node_modules/@esbuild/linux-loong64": {
			"version": "0.25.8",
			"resolved": "https://registry.npmjs.org/@esbuild/linux-loong64/-/linux-loong64-0.25.8.tgz",
			"integrity": "sha512-O7k1J/dwHkY1RMVvglFHl1HzutGEFFZ3kNiDMSOyUrB7WcoHGf96Sh+64nTRT26l3GMbCW01Ekh/ThKM5iI7hQ==",
			"cpu": [
				"loong64"
			],
			"dev": true,
			"optional": true,
			"os": [
				"linux"
			],
			"engines": {
				"node": ">=18"
			}
		},
		"node_modules/@esbuild/linux-mips64el": {
			"version": "0.25.8",
			"resolved": "https://registry.npmjs.org/@esbuild/linux-mips64el/-/linux-mips64el-0.25.8.tgz",
			"integrity": "sha512-uv+dqfRazte3BzfMp8PAQXmdGHQt2oC/y2ovwpTteqrMx2lwaksiFZ/bdkXJC19ttTvNXBuWH53zy/aTj1FgGw==",
			"cpu": [
				"mips64el"
			],
			"dev": true,
			"optional": true,
			"os": [
				"linux"
			],
			"engines": {
				"node": ">=18"
			}
		},
		"node_modules/@esbuild/linux-ppc64": {
			"version": "0.25.8",
			"resolved": "https://registry.npmjs.org/@esbuild/linux-ppc64/-/linux-ppc64-0.25.8.tgz",
			"integrity": "sha512-GyG0KcMi1GBavP5JgAkkstMGyMholMDybAf8wF5A70CALlDM2p/f7YFE7H92eDeH/VBtFJA5MT4nRPDGg4JuzQ==",
			"cpu": [
				"ppc64"
			],
			"dev": true,
			"optional": true,
			"os": [
				"linux"
			],
			"engines": {
				"node": ">=18"
			}
		},
		"node_modules/@esbuild/linux-riscv64": {
			"version": "0.25.8",
			"resolved": "https://registry.npmjs.org/@esbuild/linux-riscv64/-/linux-riscv64-0.25.8.tgz",
			"integrity": "sha512-rAqDYFv3yzMrq7GIcen3XP7TUEG/4LK86LUPMIz6RT8A6pRIDn0sDcvjudVZBiiTcZCY9y2SgYX2lgK3AF+1eg==",
			"cpu": [
				"riscv64"
			],
			"dev": true,
			"optional": true,
			"os": [
				"linux"
			],
			"engines": {
				"node": ">=18"
			}
		},
		"node_modules/@esbuild/linux-s390x": {
			"version": "0.25.8",
			"resolved": "https://registry.npmjs.org/@esbuild/linux-s390x/-/linux-s390x-0.25.8.tgz",
			"integrity": "sha512-Xutvh6VjlbcHpsIIbwY8GVRbwoviWT19tFhgdA7DlenLGC/mbc3lBoVb7jxj9Z+eyGqvcnSyIltYUrkKzWqSvg==",
			"cpu": [
				"s390x"
			],
			"dev": true,
			"optional": true,
			"os": [
				"linux"
			],
			"engines": {
				"node": ">=18"
			}
		},
		"node_modules/@esbuild/linux-x64": {
			"version": "0.25.8",
			"resolved": "https://registry.npmjs.org/@esbuild/linux-x64/-/linux-x64-0.25.8.tgz",
			"integrity": "sha512-ASFQhgY4ElXh3nDcOMTkQero4b1lgubskNlhIfJrsH5OKZXDpUAKBlNS0Kx81jwOBp+HCeZqmoJuihTv57/jvQ==",
			"cpu": [
				"x64"
			],
			"dev": true,
			"optional": true,
			"os": [
				"linux"
			],
			"engines": {
				"node": ">=18"
			}
		},
		"node_modules/@esbuild/netbsd-arm64": {
			"version": "0.25.8",
			"resolved": "https://registry.npmjs.org/@esbuild/netbsd-arm64/-/netbsd-arm64-0.25.8.tgz",
			"integrity": "sha512-d1KfruIeohqAi6SA+gENMuObDbEjn22olAR7egqnkCD9DGBG0wsEARotkLgXDu6c4ncgWTZJtN5vcgxzWRMzcw==",
			"cpu": [
				"arm64"
			],
			"dev": true,
			"optional": true,
			"os": [
				"netbsd"
			],
			"engines": {
				"node": ">=18"
			}
		},
		"node_modules/@esbuild/netbsd-x64": {
			"version": "0.25.8",
			"resolved": "https://registry.npmjs.org/@esbuild/netbsd-x64/-/netbsd-x64-0.25.8.tgz",
			"integrity": "sha512-nVDCkrvx2ua+XQNyfrujIG38+YGyuy2Ru9kKVNyh5jAys6n+l44tTtToqHjino2My8VAY6Lw9H7RI73XFi66Cg==",
			"cpu": [
				"x64"
			],
			"dev": true,
			"optional": true,
			"os": [
				"netbsd"
			],
			"engines": {
				"node": ">=18"
			}
		},
		"node_modules/@esbuild/openbsd-arm64": {
			"version": "0.25.8",
			"resolved": "https://registry.npmjs.org/@esbuild/openbsd-arm64/-/openbsd-arm64-0.25.8.tgz",
			"integrity": "sha512-j8HgrDuSJFAujkivSMSfPQSAa5Fxbvk4rgNAS5i3K+r8s1X0p1uOO2Hl2xNsGFppOeHOLAVgYwDVlmxhq5h+SQ==",
			"cpu": [
				"arm64"
			],
			"dev": true,
			"optional": true,
			"os": [
				"openbsd"
			],
			"engines": {
				"node": ">=18"
			}
		},
		"node_modules/@esbuild/openbsd-x64": {
			"version": "0.25.8",
			"resolved": "https://registry.npmjs.org/@esbuild/openbsd-x64/-/openbsd-x64-0.25.8.tgz",
			"integrity": "sha512-1h8MUAwa0VhNCDp6Af0HToI2TJFAn1uqT9Al6DJVzdIBAd21m/G0Yfc77KDM3uF3T/YaOgQq3qTJHPbTOInaIQ==",
			"cpu": [
				"x64"
			],
			"dev": true,
			"optional": true,
			"os": [
				"openbsd"
			],
			"engines": {
				"node": ">=18"
			}
		},
		"node_modules/@esbuild/openharmony-arm64": {
			"version": "0.25.8",
			"resolved": "https://registry.npmjs.org/@esbuild/openharmony-arm64/-/openharmony-arm64-0.25.8.tgz",
			"integrity": "sha512-r2nVa5SIK9tSWd0kJd9HCffnDHKchTGikb//9c7HX+r+wHYCpQrSgxhlY6KWV1nFo1l4KFbsMlHk+L6fekLsUg==",
			"cpu": [
				"arm64"
			],
			"dev": true,
			"optional": true,
			"os": [
				"openharmony"
			],
			"engines": {
				"node": ">=18"
			}
		},
		"node_modules/@esbuild/sunos-x64": {
			"version": "0.25.8",
			"resolved": "https://registry.npmjs.org/@esbuild/sunos-x64/-/sunos-x64-0.25.8.tgz",
			"integrity": "sha512-zUlaP2S12YhQ2UzUfcCuMDHQFJyKABkAjvO5YSndMiIkMimPmxA+BYSBikWgsRpvyxuRnow4nS5NPnf9fpv41w==",
			"cpu": [
				"x64"
			],
			"dev": true,
			"optional": true,
			"os": [
				"sunos"
			],
			"engines": {
				"node": ">=18"
			}
		},
		"node_modules/@esbuild/win32-arm64": {
			"version": "0.25.8",
			"resolved": "https://registry.npmjs.org/@esbuild/win32-arm64/-/win32-arm64-0.25.8.tgz",
			"integrity": "sha512-YEGFFWESlPva8hGL+zvj2z/SaK+pH0SwOM0Nc/d+rVnW7GSTFlLBGzZkuSU9kFIGIo8q9X3ucpZhu8PDN5A2sQ==",
			"cpu": [
				"arm64"
			],
			"dev": true,
			"optional": true,
			"os": [
				"win32"
			],
			"engines": {
				"node": ">=18"
			}
		},
		"node_modules/@esbuild/win32-ia32": {
			"version": "0.25.8",
			"resolved": "https://registry.npmjs.org/@esbuild/win32-ia32/-/win32-ia32-0.25.8.tgz",
			"integrity": "sha512-hiGgGC6KZ5LZz58OL/+qVVoZiuZlUYlYHNAmczOm7bs2oE1XriPFi5ZHHrS8ACpV5EjySrnoCKmcbQMN+ojnHg==",
			"cpu": [
				"ia32"
			],
			"dev": true,
			"optional": true,
			"os": [
				"win32"
			],
			"engines": {
				"node": ">=18"
			}
		},
		"node_modules/@esbuild/win32-x64": {
			"version": "0.25.8",
			"resolved": "https://registry.npmjs.org/@esbuild/win32-x64/-/win32-x64-0.25.8.tgz",
			"integrity": "sha512-cn3Yr7+OaaZq1c+2pe+8yxC8E144SReCQjN6/2ynubzYjvyqZjTXfQJpAcQpsdJq3My7XADANiYGHoFC69pLQw==",
			"cpu": [
				"x64"
			],
			"dev": true,
			"optional": true,
			"os": [
				"win32"
			],
			"engines": {
				"node": ">=18"
			}
		},
		"node_modules/@noble/curves": {
			"version": "1.8.1",
			"resolved": "https://registry.npmjs.org/@noble/curves/-/curves-1.8.1.tgz",
			"integrity": "sha512-warwspo+UYUPep0Q+vtdVB4Ugn8GGQj8iyB3gnRWsztmUHTI3S1nhdiWNsPUGL0vud7JlRRk1XEu7Lq1KGTnMQ==",
			"dependencies": {
				"@noble/hashes": "1.7.1"
			},
			"engines": {
				"node": "^14.21.3 || >=16"
			},
			"funding": {
				"url": "https://paulmillr.com/funding/"
			}
		},
		"node_modules/@noble/hashes": {
			"version": "1.7.1",
			"resolved": "https://registry.npmjs.org/@noble/hashes/-/hashes-1.7.1.tgz",
			"integrity": "sha512-B8XBPsn4vT/KJAGqDzbwztd+6Yte3P4V7iafm24bxgDe/mlRuK6xmWPuCNrKt2vDafZ8MfJLlchDG/vYafQEjQ==",
			"engines": {
				"node": "^14.21.3 || >=16"
			},
			"funding": {
				"url": "https://paulmillr.com/funding/"
			}
		},
		"node_modules/@preact/signals": {
			"version": "2.0.1",
			"resolved": "https://registry.npmjs.org/@preact/signals/-/signals-2.0.1.tgz",
			"integrity": "sha512-f9p/utMgttPb9bJ+UgRBkTDZ9uQiZfX1/gV3pXGWz+yGNQj8MrnG55Xo8MAG4IHcb5UXQO6tvt9ZlsM4A2j+Rw==",
			"dependencies": {
				"@preact/signals-core": "^1.7.0"
			},
			"funding": {
				"type": "opencollective",
				"url": "https://opencollective.com/preact"
			},
			"peerDependencies": {
				"preact": "10.x"
			}
		},
		"node_modules/@preact/signals-core": {
			"version": "1.8.0",
			"resolved": "https://registry.npmjs.org/@preact/signals-core/-/signals-core-1.8.0.tgz",
			"integrity": "sha512-OBvUsRZqNmjzCZXWLxkZfhcgT+Fk8DDcT/8vD6a1xhDemodyy87UJRJfASMuSD8FaAIeGgGm85ydXhm7lr4fyA==",
			"funding": {
				"type": "opencollective",
				"url": "https://opencollective.com/preact"
			}
		},
		"node_modules/@scure/base": {
			"version": "1.2.4",
			"resolved": "https://registry.npmjs.org/@scure/base/-/base-1.2.4.tgz",
			"integrity": "sha512-5Yy9czTO47mqz+/J8GM6GIId4umdCk1wc1q8rKERQulIoc8VP9pzDcghv10Tl2E7R96ZUx/PhND3ESYUQX8NuQ==",
			"funding": {
				"url": "https://paulmillr.com/funding/"
			}
		},
		"node_modules/@scure/bip32": {
			"version": "1.6.2",
			"resolved": "https://registry.npmjs.org/@scure/bip32/-/bip32-1.6.2.tgz",
			"integrity": "sha512-t96EPDMbtGgtb7onKKqxRLfE5g05k7uHnHRM2xdE6BP/ZmxaLtPek4J4KfVn/90IQNrU1IOAqMgiDtUdtbe3nw==",
			"dependencies": {
				"@noble/curves": "~1.8.1",
				"@noble/hashes": "~1.7.1",
				"@scure/base": "~1.2.2"
			},
			"funding": {
				"url": "https://paulmillr.com/funding/"
			}
		},
		"node_modules/@scure/bip39": {
			"version": "1.5.4",
			"resolved": "https://registry.npmjs.org/@scure/bip39/-/bip39-1.5.4.tgz",
			"integrity": "sha512-TFM4ni0vKvCfBpohoh+/lY05i9gRbSwXWngAsF4CABQxoaOHijxuaZ2R6cStDQ5CHtHO9aGJTr4ksVJASRRyMA==",
			"dependencies": {
				"@noble/hashes": "~1.7.1",
				"@scure/base": "~1.2.4"
			},
			"funding": {
				"url": "https://paulmillr.com/funding/"
			}
		},
		"node_modules/@types/node": {
			"version": "22.13.10",
			"resolved": "https://registry.npmjs.org/@types/node/-/node-22.13.10.tgz",
			"integrity": "sha512-I6LPUvlRH+O6VRUqYOcMudhaIdUVWfsjnZavnsraHvpBwaEyMN29ry+0UVJhImYL16xsscu0aske3yA+uPOWfw==",
			"dev": true,
			"dependencies": {
				"undici-types": "~6.20.0"
			}
		},
		"node_modules/@typescript/lib-decorators": {
			"name": "@better-typescript-lib/decorators",
			"version": "2.11.0",
			"resolved": "https://registry.npmjs.org/@better-typescript-lib/decorators/-/decorators-2.11.0.tgz",
			"integrity": "sha512-ZL90jrzAhnvDr/fbpJt3CgGZdWvAeoAWznp56/mHJRKrCwsaJ9uCPqU09D21FJkWsmZ2jkz+mwBI9+e5dzwFvg==",
			"dev": true,
			"peerDependencies": {
				"typescript": ">=4.5.2"
			}
		},
		"node_modules/@typescript/lib-dom": {
			"name": "@better-typescript-lib/dom",
			"version": "2.11.0",
			"resolved": "https://registry.npmjs.org/@better-typescript-lib/dom/-/dom-2.11.0.tgz",
			"integrity": "sha512-tt0ZgcgxqwRL3oWa2xgtBnq7zJjBXqrtwQo6hvHEwsKNA5SD65FVrC+b1zTFTGvTLURGDIlq1kn3cB2quurVAA==",
			"dev": true,
			"peerDependencies": {
				"typescript": ">=4.5.2"
			}
		},
		"node_modules/@typescript/lib-es2015": {
			"name": "@better-typescript-lib/es2015",
			"version": "2.11.0",
			"resolved": "https://registry.npmjs.org/@better-typescript-lib/es2015/-/es2015-2.11.0.tgz",
			"integrity": "sha512-Xtg8WhxWAvBawWBOsAF3XurOHa18A7nvqYdfGYz4EXfrDvw32nod6zjf0it7/sDwcGIcms6wyRZyLkI4RP7e8Q==",
			"dev": true,
			"peerDependencies": {
				"typescript": ">=4.5.2"
			}
		},
		"node_modules/@typescript/lib-es2016": {
			"name": "@better-typescript-lib/es2016",
			"version": "2.11.0",
			"resolved": "https://registry.npmjs.org/@better-typescript-lib/es2016/-/es2016-2.11.0.tgz",
			"integrity": "sha512-RFLgskFU2rt/5esIcWibJu8n9a4EjmP6hCh5kqULb+w5J0eE9gXnhU6IZ685+spY2nPw991IYwnUP5idtfiGjQ==",
			"dev": true,
			"peerDependencies": {
				"typescript": ">=4.5.2"
			}
		},
		"node_modules/@typescript/lib-es2017": {
			"name": "@better-typescript-lib/es2017",
			"version": "2.11.0",
			"resolved": "https://registry.npmjs.org/@better-typescript-lib/es2017/-/es2017-2.11.0.tgz",
			"integrity": "sha512-bgCJrI6h3d6jvZsnzsbdH7/HVAV2GYrbtiUnBxV/ZTJ+VDiHdSI8CvsjIAVYHmrzLDC7FBTU+B+O8YhQ+fsehA==",
			"dev": true,
			"peerDependencies": {
				"typescript": ">=4.5.2"
			}
		},
		"node_modules/@typescript/lib-es2018": {
			"name": "@better-typescript-lib/es2018",
			"version": "2.11.0",
			"resolved": "https://registry.npmjs.org/@better-typescript-lib/es2018/-/es2018-2.11.0.tgz",
			"integrity": "sha512-8rwLcK9SqzO6bCsa6fQkCrYtFMAs8b5Oz+Rhuh/RmKD/Ja6XvkuXvsA8k+Zf6LjzEc/1aHk3ooQaoPeyh5wVIw==",
			"dev": true,
			"peerDependencies": {
				"typescript": ">=4.5.2"
			}
		},
		"node_modules/@typescript/lib-es2019": {
			"name": "@better-typescript-lib/es2019",
			"version": "2.11.0",
			"resolved": "https://registry.npmjs.org/@better-typescript-lib/es2019/-/es2019-2.11.0.tgz",
			"integrity": "sha512-S16xjOz1GJ1N9c7cdk+jywkkKjagQI8ojP9wBABU4876rv6Ng64iYVBG6IOpPcQ3eSIbnWSZVk4h4kCyJt1sKA==",
			"dev": true,
			"peerDependencies": {
				"typescript": ">=4.5.2"
			}
		},
		"node_modules/@typescript/lib-es2020": {
			"name": "@better-typescript-lib/es2020",
			"version": "2.11.0",
			"resolved": "https://registry.npmjs.org/@better-typescript-lib/es2020/-/es2020-2.11.0.tgz",
			"integrity": "sha512-TZMzKXvPXrxT25nhuA43uUbpBagwi5jjxfBcMPZQwbDfFAemO0oa96tQCw8L5oKxN/uxFLhRZuEwLRLVrtcjFw==",
			"dev": true,
			"peerDependencies": {
				"typescript": ">=4.5.2"
			}
		},
		"node_modules/@typescript/lib-es2021": {
			"name": "@better-typescript-lib/es2021",
			"version": "2.11.0",
			"resolved": "https://registry.npmjs.org/@better-typescript-lib/es2021/-/es2021-2.11.0.tgz",
			"integrity": "sha512-TCc6rj/uj3SHO9SPmsUqT3uRuZgFF2+ZLsKmA6+vQZDDVBQnelQHuooUhUWz49dh9TzntEI46x+yXen+UHfBGw==",
			"dev": true,
			"peerDependencies": {
				"typescript": ">=4.5.2"
			}
		},
		"node_modules/@typescript/lib-es2022": {
			"name": "@better-typescript-lib/es2022",
			"version": "2.11.0",
			"resolved": "https://registry.npmjs.org/@better-typescript-lib/es2022/-/es2022-2.11.0.tgz",
			"integrity": "sha512-Gu5MihDWyEgEd7gXXmMmh2lwyZDPlJIEU8v7Mfeqlk7BfYmS4Raww7f1WYGlXT01zAUELE9vOQdOb+jWG+9N1A==",
			"dev": true,
			"peerDependencies": {
				"typescript": ">=4.5.2"
			}
		},
		"node_modules/@typescript/lib-es2023": {
			"name": "@better-typescript-lib/es2023",
			"version": "2.11.0",
			"resolved": "https://registry.npmjs.org/@better-typescript-lib/es2023/-/es2023-2.11.0.tgz",
			"integrity": "sha512-Ezo4X5hM5bZx9LTPwexvpn1dq+JO+Od6P661pVjMoFA1eUm13SxGox2YIeISFAnWmJyLrcA9ZDr9+1cYlbeZzA==",
			"dev": true,
			"peerDependencies": {
				"typescript": ">=4.5.2"
			}
		},
		"node_modules/@typescript/lib-es2024": {
			"name": "@better-typescript-lib/es2024",
			"version": "2.11.0",
			"resolved": "https://registry.npmjs.org/@better-typescript-lib/es2024/-/es2024-2.11.0.tgz",
			"integrity": "sha512-1Gix0YIF/NkCid7W+/bOMivG3vIUYfOfpUNx94UDRmkTHTQa3/Vu/X2Mjes8Cu60fBhcfscMBC6QY0emStK79w==",
			"dev": true,
			"peerDependencies": {
				"typescript": ">=4.5.2"
			}
		},
		"node_modules/@typescript/lib-es5": {
			"name": "@better-typescript-lib/es5",
			"version": "2.11.0",
			"resolved": "https://registry.npmjs.org/@better-typescript-lib/es5/-/es5-2.11.0.tgz",
			"integrity": "sha512-Efdc4z0hL+HQvcKmsuKtypYcwREUjm1U17eE9J3oXQ2icjR6bAD5IEgFX2gSV2/Ad1KGeBS9gakLxYvDP1G0eQ==",
			"dev": true,
			"peerDependencies": {
				"typescript": ">=4.5.2"
			}
		},
		"node_modules/@typescript/lib-es6": {
			"name": "@better-typescript-lib/es6",
			"version": "2.11.0",
			"resolved": "https://registry.npmjs.org/@better-typescript-lib/es6/-/es6-2.11.0.tgz",
			"integrity": "sha512-zjl9jCTXwWx0QRSv5ILADM1wEgLq40VzBFURVHXg0D8LYv2KYVA7ICdcJZ2/DxoLhaukJm42mllRPjr/Bylw/A==",
			"dev": true,
			"peerDependencies": {
				"typescript": ">=4.5.2"
			}
		},
		"node_modules/@typescript/lib-esnext": {
			"name": "@better-typescript-lib/esnext",
			"version": "2.11.0",
			"resolved": "https://registry.npmjs.org/@better-typescript-lib/esnext/-/esnext-2.11.0.tgz",
			"integrity": "sha512-NTWWr05QE2/oes0xEiy84on87gzzEWyk0vwPTVgcuWvgtBwDe9sIeGJQSO4vfc7ZP+s3FPBqeSPiAlB7rZi68w==",
			"dev": true,
			"peerDependencies": {
				"typescript": ">=4.5.2"
			}
		},
		"node_modules/@typescript/lib-scripthost": {
			"name": "@better-typescript-lib/scripthost",
			"version": "2.11.0",
			"resolved": "https://registry.npmjs.org/@better-typescript-lib/scripthost/-/scripthost-2.11.0.tgz",
			"integrity": "sha512-XwpujOfKtEn0oXodg8Rzm7ULu4OscK0l88ozWp4/q114k5vVd/1d90Q8nEIlB2RR8eqcGNkBG+Tcaj0qiaaJ1A==",
			"dev": true,
			"peerDependencies": {
				"typescript": ">=4.5.2"
			}
		},
		"node_modules/@typescript/lib-webworker": {
			"name": "@better-typescript-lib/webworker",
			"version": "2.11.0",
			"resolved": "https://registry.npmjs.org/@better-typescript-lib/webworker/-/webworker-2.11.0.tgz",
			"integrity": "sha512-9jdYsSj7YWGixeVok7xZSV+OHpOxMBEcuw+zPHj2462LS812Xq2Vs5Kk00PoFjVXolgQm6naXDG1Wa+x445BPQ==",
			"dev": true,
			"peerDependencies": {
				"typescript": ">=4.5.2"
			}
		},
		"node_modules/@zoltu/file-copier": {
			"version": "3.0.0",
			"resolved": "https://registry.npmjs.org/@zoltu/file-copier/-/file-copier-3.0.0.tgz",
			"integrity": "sha512-foCy+pdL3sHBL0yrv8KCYcHnidii4kbE1xS52xXevyHFBAhRZKeX9qcCfRLIDDeHSYKB94vDeastE7fo3lwQFw==",
			"dev": true
		},
		"node_modules/abitype": {
			"version": "1.0.8",
			"resolved": "https://registry.npmjs.org/abitype/-/abitype-1.0.8.tgz",
			"integrity": "sha512-ZeiI6h3GnW06uYDLx0etQtX/p8E24UaHHBj57RSjK7YBFe7iuVn07EDpOeP451D06sF27VOz9JJPlIKJmXgkEg==",
			"funding": {
				"url": "https://github.com/sponsors/wevm"
			},
			"peerDependencies": {
				"typescript": ">=5.0.4",
				"zod": "^3 >=3.22.0"
			},
			"peerDependenciesMeta": {
				"typescript": {
					"optional": true
				},
				"zod": {
					"optional": true
				}
			}
		},
		"node_modules/better-typescript-lib": {
			"version": "2.11.0",
			"resolved": "https://registry.npmjs.org/better-typescript-lib/-/better-typescript-lib-2.11.0.tgz",
			"integrity": "sha512-dwaPodcG5lVepyeoEmwRSpRqKWOso5CRktnMcPKlE4jjcHLGjkBhZXIMe6EFD9ALG/Ru3kwOO1t6TNNQ6Pf1Jw==",
			"dev": true,
			"dependencies": {
				"@typescript/lib-decorators": "npm:@better-typescript-lib/decorators@2.11.0",
				"@typescript/lib-dom": "npm:@better-typescript-lib/dom@2.11.0",
				"@typescript/lib-es2015": "npm:@better-typescript-lib/es2015@2.11.0",
				"@typescript/lib-es2016": "npm:@better-typescript-lib/es2016@2.11.0",
				"@typescript/lib-es2017": "npm:@better-typescript-lib/es2017@2.11.0",
				"@typescript/lib-es2018": "npm:@better-typescript-lib/es2018@2.11.0",
				"@typescript/lib-es2019": "npm:@better-typescript-lib/es2019@2.11.0",
				"@typescript/lib-es2020": "npm:@better-typescript-lib/es2020@2.11.0",
				"@typescript/lib-es2021": "npm:@better-typescript-lib/es2021@2.11.0",
				"@typescript/lib-es2022": "npm:@better-typescript-lib/es2022@2.11.0",
				"@typescript/lib-es2023": "npm:@better-typescript-lib/es2023@2.11.0",
				"@typescript/lib-es2024": "npm:@better-typescript-lib/es2024@2.11.0",
				"@typescript/lib-es5": "npm:@better-typescript-lib/es5@2.11.0",
				"@typescript/lib-es6": "npm:@better-typescript-lib/es6@2.11.0",
				"@typescript/lib-esnext": "npm:@better-typescript-lib/esnext@2.11.0",
				"@typescript/lib-scripthost": "npm:@better-typescript-lib/scripthost@2.11.0",
				"@typescript/lib-webworker": "npm:@better-typescript-lib/webworker@2.11.0"
			},
			"peerDependencies": {
				"typescript": ">=4.5.2"
			}
		},
		"node_modules/esbuild": {
			"version": "0.25.8",
			"resolved": "https://registry.npmjs.org/esbuild/-/esbuild-0.25.8.tgz",
			"integrity": "sha512-vVC0USHGtMi8+R4Kz8rt6JhEWLxsv9Rnu/lGYbPR8u47B+DCBksq9JarW0zOO7bs37hyOK1l2/oqtbciutL5+Q==",
			"dev": true,
			"hasInstallScript": true,
			"bin": {
				"esbuild": "bin/esbuild"
			},
			"engines": {
				"node": ">=18"
			},
			"optionalDependencies": {
				"@esbuild/aix-ppc64": "0.25.8",
				"@esbuild/android-arm": "0.25.8",
				"@esbuild/android-arm64": "0.25.8",
				"@esbuild/android-x64": "0.25.8",
				"@esbuild/darwin-arm64": "0.25.8",
				"@esbuild/darwin-x64": "0.25.8",
				"@esbuild/freebsd-arm64": "0.25.8",
				"@esbuild/freebsd-x64": "0.25.8",
				"@esbuild/linux-arm": "0.25.8",
				"@esbuild/linux-arm64": "0.25.8",
				"@esbuild/linux-ia32": "0.25.8",
				"@esbuild/linux-loong64": "0.25.8",
				"@esbuild/linux-mips64el": "0.25.8",
				"@esbuild/linux-ppc64": "0.25.8",
				"@esbuild/linux-riscv64": "0.25.8",
				"@esbuild/linux-s390x": "0.25.8",
				"@esbuild/linux-x64": "0.25.8",
				"@esbuild/netbsd-arm64": "0.25.8",
				"@esbuild/netbsd-x64": "0.25.8",
				"@esbuild/openbsd-arm64": "0.25.8",
				"@esbuild/openbsd-x64": "0.25.8",
				"@esbuild/openharmony-arm64": "0.25.8",
				"@esbuild/sunos-x64": "0.25.8",
				"@esbuild/win32-arm64": "0.25.8",
				"@esbuild/win32-ia32": "0.25.8",
				"@esbuild/win32-x64": "0.25.8"
			}
		},
		"node_modules/eventemitter3": {
			"version": "5.0.1",
			"resolved": "https://registry.npmjs.org/eventemitter3/-/eventemitter3-5.0.1.tgz",
			"integrity": "sha512-GWkBvjiSZK87ELrYOSESUYeVIc9mvLLf/nXalMOS5dYrgZq9o5OVkbZAVM06CVxYsCwH9BDZFPlQTlPA1j4ahA=="
		},
		"node_modules/funtypes": {
			"version": "5.1.1",
			"resolved": "https://registry.npmjs.org/funtypes/-/funtypes-5.1.1.tgz",
			"integrity": "sha512-JdOe6zAk3kzTTuoTKrdshe16mr8FwuNzUnSg5gZpeJxMYFiY0LaIec9A4/VHK8Z3fSnm09eMrH93vaHE2R0J5Q==",
			"dev": true
		},
		"node_modules/isows": {
			"version": "1.0.6",
			"resolved": "https://registry.npmjs.org/isows/-/isows-1.0.6.tgz",
			"integrity": "sha512-lPHCayd40oW98/I0uvgaHKWCSvkzY27LjWLbtzOm64yQ+G3Q5npjjbdppU65iZXkK1Zt+kH9pfegli0AYfwYYw==",
			"funding": [
				{
					"type": "github",
					"url": "https://github.com/sponsors/wevm"
				}
			],
			"peerDependencies": {
				"ws": "*"
			}
		},
		"node_modules/ox": {
			"version": "0.6.9",
			"resolved": "https://registry.npmjs.org/ox/-/ox-0.6.9.tgz",
			"integrity": "sha512-wi5ShvzE4eOcTwQVsIPdFr+8ycyX+5le/96iAJutaZAvCes1J0+RvpEPg5QDPDiaR0XQQAvZVl7AwqQcINuUug==",
			"funding": [
				{
					"type": "github",
					"url": "https://github.com/sponsors/wevm"
				}
			],
			"dependencies": {
				"@adraffy/ens-normalize": "^1.10.1",
				"@noble/curves": "^1.6.0",
				"@noble/hashes": "^1.5.0",
				"@scure/bip32": "^1.5.0",
				"@scure/bip39": "^1.4.0",
				"abitype": "^1.0.6",
				"eventemitter3": "5.0.1"
			},
			"peerDependencies": {
				"typescript": ">=5.4.0"
			},
			"peerDependenciesMeta": {
				"typescript": {
					"optional": true
				}
			}
		},
		"node_modules/preact": {
			"version": "10.26.4",
			"resolved": "https://registry.npmjs.org/preact/-/preact-10.26.4.tgz",
			"integrity": "sha512-KJhO7LBFTjP71d83trW+Ilnjbo+ySsaAgCfXOXUlmGzJ4ygYPWmysm77yg4emwfmoz3b22yvH5IsVFHbhUaH5w==",
			"funding": {
				"type": "opencollective",
				"url": "https://opencollective.com/preact"
			}
		},
		"node_modules/typescript": {
			"version": "5.8.2",
			"resolved": "https://registry.npmjs.org/typescript/-/typescript-5.8.2.tgz",
			"integrity": "sha512-aJn6wq13/afZp/jT9QZmwEjDqqvSGp1VT5GVg+f/t6/oVyrgXM6BY1h9BRh/O5p3PlUPAe+WuiEZOmb/49RqoQ==",
			"devOptional": true,
			"bin": {
				"tsc": "bin/tsc",
				"tsserver": "bin/tsserver"
			},
			"engines": {
				"node": ">=14.17"
			}
		},
		"node_modules/undici-types": {
			"version": "6.20.0",
			"resolved": "https://registry.npmjs.org/undici-types/-/undici-types-6.20.0.tgz",
			"integrity": "sha512-Ny6QZ2Nju20vw1SRHe3d9jVu6gJ+4e3+MMpqu7pqE5HT6WsTSlce++GQmK5UXS8mzV8DSYHrQH+Xrf2jVcuKNg==",
			"dev": true
		},
		"node_modules/viem": {
			"version": "2.23.15",
			"resolved": "https://registry.npmjs.org/viem/-/viem-2.23.15.tgz",
			"integrity": "sha512-2t9lROkSzj/ciEZ08NqAHZ6c+J1wKLwJ4qpUxcHdVHcLBt6GfO9+ycuZycTT05ckfJ6TbwnMXMa3bMonvhtUMw==",
			"funding": [
				{
					"type": "github",
					"url": "https://github.com/sponsors/wevm"
				}
			],
			"dependencies": {
				"@noble/curves": "1.8.1",
				"@noble/hashes": "1.7.1",
				"@scure/bip32": "1.6.2",
				"@scure/bip39": "1.5.4",
				"abitype": "1.0.8",
				"isows": "1.0.6",
				"ox": "0.6.9",
				"ws": "8.18.1"
			},
			"peerDependencies": {
				"typescript": ">=5.0.4"
			},
			"peerDependenciesMeta": {
				"typescript": {
					"optional": true
				}
			}
		},
		"node_modules/ws": {
			"version": "8.18.1",
			"resolved": "https://registry.npmjs.org/ws/-/ws-8.18.1.tgz",
			"integrity": "sha512-RKW2aJZMXeMxVpnZ6bck+RswznaxmzdULiBr6KY7XkTnW8uvt0iT9H5DkHUChXrc+uurzwa0rVI16n/Xzjdz1w==",
			"engines": {
				"node": ">=10.0.0"
			},
			"peerDependencies": {
				"bufferutil": "^4.0.1",
				"utf-8-validate": ">=5.0.2"
			},
			"peerDependenciesMeta": {
				"bufferutil": {
					"optional": true
				},
				"utf-8-validate": {
					"optional": true
				}
			}
		}
	}
}
